
Microsoft Visual Studio Solution File, Format Version 12.00
# Visual Studio Version 16
VisualStudioVersion = 16.0.30907.101
MinimumVisualStudioVersion = 10.0.40219.1
Project("{FAE04EC0-301F-11D3-BF4B-00C04F79EFBC}") = "Uri1142", "Uri1142\Uri1142.csproj", "{57430440-83D7-485F-8B40-6643AAC98034}"
EndProject
Global
	GlobalSection(SolutionConfigurationPlatforms) = preSolution
		Debug|Any CPU = Debug|Any CPU
		Release|Any CPU = Release|Any CPU
	EndGlobalSection
	GlobalSection(ProjectConfigurationPlatforms) = postSolution
		{57430440-83D7-485F-8B40-6643AAC98034}.Debug|Any CPU.ActiveCfg = Debug|Any CPU
		{57430440-83D7-485F-8B40-6643AAC98034}.Debug|Any CPU.Build.0 = Debug|Any CPU
		{57430440-83D7-485F-8B40-6643AAC98034}.Release|Any CPU.ActiveCfg = Release|Any CPU
		{57430440-83D7-485F-8B40-6643AAC98034}.Release|Any CPU.Build.0 = Release|Any CPU
	EndGlobalSection
	GlobalSection(SolutionProperties) = preSolution
		HideSolutionNode = FALSE
	EndGlobalSection
	GlobalSection(ExtensibilityGlobals) = postSolution
		SolutionGuid = {603104EA-547B-414B-B8E2-806C0E71F65F}
	EndGlobalSection
EndGlobal
